{
  "name": "stylex-root-condition",
  "lockfileVersion": 3,
  "requires": true,
  "packages": {
    "": {
      "dependencies": {
        "@stylexjs/stylex": "^0.14.1"
      }
    },
    "node_modules/@stylexjs/stylex": {
      "version": "0.14.1",
      "resolved": "https://registry.npmjs.org/@stylexjs/stylex/-/stylex-0.14.1.tgz",
      "integrity": "sha512-UlAGhGUHTqZoMThHdpLUFhO0fjWxJ3VDFRsGK0mNwCD4IEe2EPkIjtZTjHZepidDAbUcNoXlTQoK/y1fcd5f/w==",
      "dependencies": {
        "css-mediaquery": "^0.1.2",
        "invariant": "^2.2.4",
        "styleq": "0.2.1"
      }
    },
    "node_modules/css-mediaquery": {
      "version": "0.1.2",
      "resolved": "https://registry.npmjs.org/css-mediaquery/-/css-mediaquery-0.1.2.tgz",
      "integrity": "sha512-COtn4EROW5dBGlE/4PiKnh6rZpAPxDeFLaEEwt4i10jpDMFt2EhQGS79QmmrO+iKCHv0PU/HrOWEhijFd1x99Q=="
    },
    "node_modules/invariant": {
      "version": "2.2.4",
      "resolved": "https://registry.npmjs.org/invariant/-/invariant-2.2.4.tgz",
      "integrity": "sha512-phJfQVBuaJM5raOpJjSfkiD6BpbCE4Ns//LaXl6wGYtUBY83nWS6Rf9tXm2e8VaK60JEjYldbPif/A2B1C2gNA==",
      "dependencies": {
        "loose-envify": "^1.0.0"
      }
    },
    "node_modules/js-tokens": {
      "version": "4.0.0",
      "resolved": "https://registry.npmjs.org/js-tokens/-/js-tokens-4.0.0.tgz",
      "integrity": "sha512-RdJUflcE3cUzKiMqQgsCu06FPu9UdIJO0beYbPhHN4k6apgJtifcoCtT9bcxOpYBtpD2kCM6Sbzg4CausW/PKQ=="
    },
    "node_modules/loose-envify": {
      "version": "1.4.0",
      "resolved": "https://registry.npmjs.org/loose-envify/-/loose-envify-1.4.0.tgz",
      "integrity": "sha512-lyuxPGr/Wfhrlem2CL/UcnUc1zcqKAImBDzukY7Y5F/yQiNdko6+fRLevlw1HgMySw7f611UIY408EtxRSoK3Q==",
      "dependencies": {
        "js-tokens": "^3.0.0 || ^4.0.0"
      },
      "bin": {
        "loose-envify": "cli.js"
      }
    },
    "node_modules/styleq": {
      "version": "0.2.1",
      "resolved": "https://registry.npmjs.org/styleq/-/styleq-0.2.1.tgz",
      "integrity": "sha512-L0TR0NQb+X4/ktDEKmjWyp27gla+LUYi/by5k5SjKXf6/pvZP7wbwEB5J+tqxdFVPgzbsuz+d4RTScO/QZquBw=="
    }
  }
}
